// !$*UTF8*$!
{
	archiveVersion = 1;
	classes = {
	};
	objectVersion = 50;
	objects = {

/* Begin PBXBuildFile section */
		57E98A7021B1954C00738BDB /* main.cpp in Sources */ = {isa = PBXBuildFile; fileRef = 57E98A6F21B1954C00738BDB /* main.cpp */; };
		57E98A7921B195BB00738BDB /* Fibonacci.cpp in Sources */ = {isa = PBXBuildFile; fileRef = 57E98A7721B195BB00738BDB /* Fibonacci.cpp */; };
		57E98A7C21B1963900738BDB /* stdafx.cpp in Sources */ = {isa = PBXBuildFile; fileRef = 57E98A7A21B1963900738BDB /* stdafx.cpp */; };
		57E98A8221B1987400738BDB /* DoubleArray.cpp in Sources */ = {isa = PBXBuildFile; fileRef = 57E98A8021B1987400738BDB /* DoubleArray.cpp */; };
/* End PBXBuildFile section */

/* Begin PBXCopyFilesBuildPhase section */
		57E98A6A21B1954C00738BDB /* CopyFiles */ = {
			isa = PBXCopyFilesBuildPhase;
			buildActionMask = 2147483647;
			dstPath = /usr/share/man/man1/;
			dstSubfolderSpec = 0;
			files = (
			);
			runOnlyForDeploymentPostprocessing = 1;
		};
/* End PBXCopyFilesBuildPhase section */

/* Begin PBXFileReference section */
		57E98A6C21B1954C00738BDB /* ProgrammingOneHour_2018 */ = {isa = PBXFileReference; explicitFileType = "compiled.mach-o.executable"; includeInIndex = 0; path = ProgrammingOneHour_2018; sourceTree = BUILT_PRODUCTS_DIR; };
		57E98A6F21B1954C00738BDB /* main.cpp */ = {isa = PBXFileReference; lastKnownFileType = sourcecode.cpp.cpp; path = main.cpp; sourceTree = "<group>"; };
		57E98A7721B195BB00738BDB /* Fibonacci.cpp */ = {isa = PBXFileReference; lastKnownFileType = sourcecode.cpp.cpp; path = Fibonacci.cpp; sourceTree = "<group>"; };
		57E98A7821B195BB00738BDB /* Fibonacci.hpp */ = {isa = PBXFileReference; lastKnownFileType = sourcecode.cpp.h; path = Fibonacci.hpp; sourceTree = "<group>"; };
		57E98A7A21B1963900738BDB /* stdafx.cpp */ = {isa = PBXFileReference; lastKnownFileType = sourcecode.cpp.cpp; path = stdafx.cpp; sourceTree = "<group>"; };
		57E98A7B21B1963900738BDB /* stdafx.hpp */ = {isa = PBXFileReference; lastKnownFileType = sourcecode.cpp.h; path = stdafx.hpp; sourceTree = "<group>"; };
		57E98A7E21B196AD00738BDB /* targetver.hpp */ = {isa = PBXFileReference; lastKnownFileType = sourcecode.cpp.h; path = targetver.hpp; sourceTree = "<group>"; };
		57E98A8021B1987400738BDB /* DoubleArray.cpp */ = {isa = PBXFileReference; lastKnownFileType = sourcecode.cpp.cpp; path = DoubleArray.cpp; sourceTree = "<group>"; };
		57E98A8121B1987400738BDB /* DoubleArray.hpp */ = {isa = PBXFileReference; lastKnownFileType = sourcecode.cpp.h; path = DoubleArray.hpp; sourceTree = "<group>"; };
/* End PBXFileReference section */

/* Begin PBXFrameworksBuildPhase section */
		57E98A6921B1954C00738BDB /* Frameworks */ = {
			isa = PBXFrameworksBuildPhase;
			buildActionMask = 2147483647;
			files = (
			);
			runOnlyForDeploymentPostprocessing = 0;
		};
/* End PBXFrameworksBuildPhase section */

/* Begin PBXGroup section */
		57E98A6321B1954C00738BDB = {
			isa = PBXGroup;
			children = (
				57E98A6E21B1954C00738BDB /* ProgrammingOneHour_2018 */,
				57E98A6D21B1954C00738BDB /* Products */,
			);
			sourceTree = "<group>";
		};
		57E98A6D21B1954C00738BDB /* Products */ = {
			isa = PBXGroup;
			children = (
				57E98A6C21B1954C00738BDB /* ProgrammingOneHour_2018 */,
			);
			name = Products;
			sourceTree = "<group>";
		};
		57E98A6E21B1954C00738BDB /* ProgrammingOneHour_2018 */ = {
			isa = PBXGroup;
			children = (
				57E98A6F21B1954C00738BDB /* main.cpp */,
				57E98A7721B195BB00738BDB /* Fibonacci.cpp */,
				57E98A7821B195BB00738BDB /* Fibonacci.hpp */,
				57E98A7A21B1963900738BDB /* stdafx.cpp */,
				57E98A7B21B1963900738BDB /* stdafx.hpp */,
				57E98A7E21B196AD00738BDB /* targetver.hpp */,
				57E98A8021B1987400738BDB /* DoubleArray.cpp */,
				57E98A8121B1987400738BDB /* DoubleArray.hpp */,
			);
			path = ProgrammingOneHour_2018;
			sourceTree = "<group>";
		};
/* End PBXGroup section */

/* Begin PBXNativeTarget section */
		57E98A6B21B1954C00738BDB /* ProgrammingOneHour_2018 */ = {
			isa = PBXNativeTarget;
			buildConfigurationList = 57E98A7321B1954C00738BDB /* Build configuration list for PBXNativeTarget "ProgrammingOneHour_2018" */;
			buildPhases = (
				57E98A6821B1954C00738BDB /* Sources */,
				57E98A6921B1954C00738BDB /* Frameworks */,
				57E98A6A21B1954C00738BDB /* CopyFiles */,
			);
			buildRules = (
			);
			dependencies = (
			);
			name = ProgrammingOneHour_2018;
			productName = ProgrammingOneHour_2018;
			productReference = 57E98A6C21B1954C00738BDB /* ProgrammingOneHour_2018 */;
			productType = "com.apple.product-type.tool";
		};
/* End PBXNativeTarget section */

/* Begin PBXProject section */
		57E98A6421B1954C00738BDB /* Project object */ = {
			isa = PBXProject;
			attributes = {
				LastUpgradeCheck = 1000;
				ORGANIZATIONNAME = MrNickel;
				TargetAttributes = {
					57E98A6B21B1954C00738BDB = {
						CreatedOnToolsVersion = 10.0;
					};
				};
			};
			buildConfigurationList = 57E98A6721B1954C00738BDB /* Build configuration list for PBXProject "ProgrammingOneHour_2018" */;
			compatibilityVersion = "Xcode 9.3";
			developmentRegion = en;
			hasScannedForEncodings = 0;
			knownRegions = (
				en,
			);
			mainGroup = 57E98A6321B1954C00738BDB;
			productRefGroup = 57E98A6D21B1954C00738BDB /* Products */;
			projectDirPath = "";
			projectRoot = "";
			targets = (
				57E98A6B21B1954C00738BDB /* ProgrammingOneHour_2018 */,
			);
		};
/* End PBXProject section */

/* Begin PBXSourcesBuildPhase section */
		57E98A6821B1954C00738BDB /* Sources */ = {
			isa = PBXSourcesBuildPhase;
			buildActionMask = 2147483647;
			files = (
				57E98A7C21B1963900738BDB /* stdafx.cpp in Sources */,
				57E98A7921B195BB00738BDB /* Fibonacci.cpp in Sources */,
				57E98A8221B1987400738BDB /* DoubleArray.cpp in Sources */,
				57E98A7021B1954C00738BDB /* main.cpp in Sources */,
			);
			runOnlyForDeploymentPostprocessing = 0;
		};
/* End PBXSourcesBuildPhase section */

/* Begin XCBuildConfiguration section */
		57E98A7121B1954C00738BDB /* Debug */ = {
			isa = XCBuildConfiguration;
			buildSettings = {
				ALWAYS_SEARCH_USER_PATHS = NO;
				CLANG_ANALYZER_NONNULL = YES;
				CLANG_ANALYZER_NUMBER_OBJECT_CONVERSION = YES_AGGRESSIVE;
				CLANG_CXX_LANGUAGE_STANDARD = "gnu++14";
				CLANG_CXX_LIBRARY = "libc++";
				CLANG_ENABLE_MODULES = YES;
				CLANG_ENABLE_OBJC_ARC = YES;
				CLANG_ENABLE_OBJC_WEAK = YES;
				CLANG_WARN_BLOCK_CAPTURE_AUTORELEASING = YES;
				CLANG_WARN_BOOL_CONVERSION = YES;
				CLANG_WARN_COMMA = YES;
				CLANG_WARN_CONSTANT_CONVERSION = YES;
				CLANG_WARN_DEPRECATED_OBJC_IMPLEMENTATIONS = YES;
				CLANG_WARN_DIRECT_OBJC_ISA_USAGE = YES_ERROR;
				CLANG_WARN_DOCUMENTATION_COMMENTS = YES;
				CLANG_WARN_EMPTY_BODY = YES;
				CLANG_WARN_ENUM_CONVERSION = YES;
				CLANG_WARN_INFINITE_RECURSION = YES;
				CLANG_WARN_INT_CONVERSION = YES;
				CLANG_WARN_NON_LITERAL_NULL_CONVERSION = YES;
				CLANG_WARN_OBJC_IMPLICIT_RETAIN_SELF = YES;
				CLANG_WARN_OBJC_LITERAL_CONVERSION = YES;
				CLANG_WARN_OBJC_ROOT_CLASS = YES_ERROR;
				CLANG_WARN_RANGE_LOOP_ANALYSIS = YES;
				CLANG_WARN_STRICT_PROTOTYPES = YES;
				CLANG_WARN_SUSPICIOUS_MOVE = YES;
				CLANG_WARN_UNGUARDED_AVAILABILITY = YES_AGGRESSIVE;
				CLANG_WARN_UNREACHABLE_CODE = YES;
				CLANG_WARN__DUPLICATE_METHOD_MATCH = YES;
				CODE_SIGN_IDENTITY = "-";
				COPY_PHASE_STRIP = NO;
				DEBUG_INFORMATION_FORMAT = dwarf;
				ENABLE_STRICT_OBJC_MSGSEND = YES;
				ENABLE_TESTABILITY = YES;
				GCC_C_LANGUAGE_STANDARD = gnu11;
				GCC_DYNAMIC_NO_PIC = NO;
				GCC_NO_COMMON_BLOCKS = YES;
				GCC_OPTIMIZATION_LEVEL = 0;
				GCC_PREPROCESSOR_DEFINITIONS = (
					"DEBUG=1",
					"$(inherited)",
				);
				GCC_WARN_64_TO_32_BIT_CONVERSION = YES;
				GCC_WARN_ABOUT_RETURN_TYPE = YES_ERROR;
				GCC_WARN_UNDECLARED_SELECTOR = YES;
				GCC_WARN_UNINITIALIZED_AUTOS = YES_AGGRESSIVE;
				GCC_WARN_UNUSED_FUNCTION = YES;
				GCC_WARN_UNUSED_VARIABLE = YES;
				MACOSX_DEPLOYMENT_TARGET = 10.13;
				MTL_ENABLE_DEBUG_INFO = INCLUDE_SOURCE;
				MTL_FAST_MATH = YES;
				ONLY_ACTIVE_ARCH = YES;
				SDKROOT = macosx;
			};
			name = Debug;
		};
		57E98A7221B1954C00738BDB /* Release */ = {
			isa = XCBuildConfiguration;
			buildSettings = {
				ALWAYS_SEARCH_USER_PATHS = NO;
				CLANG_ANALYZER_NONNULL = YES;
				CLANG_ANALYZER_NUMBER_OBJECT_CONVERSION = YES_AGGRESSIVE;
				CLANG_CXX_LANGUAGE_STANDARD = "gnu++14";
				CLANG_CXX_LIBRARY = "libc++";
				CLANG_ENABLE_MODULES = YES;
				CLANG_ENABLE_OBJC_ARC = YES;
				CLANG_ENABLE_OBJC_WEAK = YES;
				CLANG_WARN_BLOCK_CAPTURE_AUTORELEASING = YES;
				CLANG_WARN_BOOL_CONVERSION = YES;
				CLANG_WARN_COMMA = YES;
				CLANG_WARN_CONSTANT_CONVERSION = YES;
				CLANG_WARN_DEPRECATED_OBJC_IMPLEMENTATIONS = YES;
				CLANG_WARN_DIRECT_OBJC_ISA_USAGE = YES_ERROR;
				CLANG_WARN_DOCUMENTATION_COMMENTS = YES;
				CLANG_WARN_EMPTY_BODY = YES;
				CLANG_WARN_ENUM_CONVERSION = YES;
				CLANG_WARN_INFINITE_RECURSION = YES;
				CLANG_WARN_INT_CONVERSION = YES;
				CLANG_WARN_NON_LITERAL_NULL_CONVERSION = YES;
				CLANG_WARN_OBJC_IMPLICIT_RETAIN_SELF = YES;
				CLANG_WARN_OBJC_LITERAL_CONVERSION = YES;
				CLANG_WARN_OBJC_ROOT_CLASS = YES_ERROR;
				CLANG_WARN_RANGE_LOOP_ANALYSIS = YES;
				CLANG_WARN_STRICT_PROTOTYPES = YES;
				CLANG_WARN_SUSPICIOUS_MOVE = YES;
				CLANG_WARN_UNGUARDED_AVAILABILITY = YES_AGGRESSIVE;
				CLANG_WARN_UNREACHABLE_CODE = YES;
				CLANG_WARN__DUPLICATE_METHOD_MATCH = YES;
				CODE_SIGN_IDENTITY = "-";
				COPY_PHASE_STRIP = NO;
				DEBUG_INFORMATION_FORMAT = "dwarf-with-dsym";
				ENABLE_NS_ASSERTIONS = NO;
				ENABLE_STRICT_OBJC_MSGSEND = YES;
				GCC_C_LANGUAGE_STANDARD = gnu11;
				GCC_NO_COMMON_BLOCKS = YES;
				GCC_WARN_64_TO_32_BIT_CONVERSION = YES;
				GCC_WARN_ABOUT_RETURN_TYPE = YES_ERROR;
				GCC_WARN_UNDECLARED_SELECTOR = YES;
				GCC_WARN_UNINITIALIZED_AUTOS = YES_AGGRESSIVE;
				GCC_WARN_UNUSED_FUNCTION = YES;
				GCC_WARN_UNUSED_VARIABLE = YES;
				MACOSX_DEPLOYMENT_TARGET = 10.13;
				MTL_ENABLE_DEBUG_INFO = NO;
				MTL_FAST_MATH = YES;
				SDKROOT = macosx;
			};
			name = Release;
		};
		57E98A7421B1954C00738BDB /* Debug */ = {
			isa = XCBuildConfiguration;
			buildSettings = {
				CODE_SIGN_STYLE = Automatic;
				PRODUCT_NAME = "$(TARGET_NAME)";
			};
			name = Debug;
		};
		57E98A7521B1954C00738BDB /* Release */ = {
			isa = XCBuildConfiguration;
			buildSettings = {
				CODE_SIGN_STYLE = Automatic;
				PRODUCT_NAME = "$(TARGET_NAME)";
			};
			name = Release;
		};
/* End XCBuildConfiguration section */

/* Begin XCConfigurationList section */
		57E98A6721B1954C00738BDB /* Build configuration list for PBXProject "ProgrammingOneHour_2018" */ = {
			isa = XCConfigurationList;
			buildConfigurations = (
				57E98A7121B1954C00738BDB /* Debug */,
				57E98A7221B1954C00738BDB /* Release */,
			);
			defaultConfigurationIsVisible = 0;
			defaultConfigurationName = Release;
		};
		57E98A7321B1954C00738BDB /* Build configuration list for PBXNativeTarget "ProgrammingOneHour_2018" */ = {
			isa = XCConfigurationList;
			buildConfigurations = (
				57E98A7421B1954C00738BDB /* Debug */,
				57E98A7521B1954C00738BDB /* Release */,
			);
			defaultConfigurationIsVisible = 0;
			defaultConfigurationName = Release;
		};
/* End XCConfigurationList section */
	};
	rootObject = 57E98A6421B1954C00738BDB /* Project object */;
}
